
Microsoft Visual Studio Solution File, Format Version 12.00
# Visual Studio 14
VisualStudioVersion = 14.0.24720.0
MinimumVisualStudioVersion = 10.0.40219.1
Project("{FAE04EC0-301F-11D3-BF4B-00C04F79EFBC}") = "SisHorario.Dominio", "SisHorario.Dominio\SisHorario.Dominio.csproj", "{8299C2D9-A6DF-46D9-AA86-BF81C0BE4FC0}"
EndProject
Project("{FAE04EC0-301F-11D3-BF4B-00C04F79EFBC}") = "SisHorario.Pruebas", "SisHorario.Pruebas\SisHorario.Pruebas.csproj", "{3346CD69-56C2-43DB-A631-77EFDE2B1EA3}"
EndProject
Project("{FAE04EC0-301F-11D3-BF4B-00C04F79EFBC}") = "SisHorario.Infraestructura", "SisHorario.Arquitecturas\SisHorario.Infraestructura.csproj", "{2CDE1D1A-976E-4B3F-92E1-3CC166883CA3}"
EndProject
Project("{F088123C-0E9E-452A-89E6-6BA2F21D5CAC}") = "SisHorario.Modelado", "SisHorario.Modelado\SisHorario.Modelado.modelproj", "{E2341632-CFD6-4192-A620-C5A6023CB167}"
EndProject
Global
	GlobalSection(SolutionConfigurationPlatforms) = preSolution
		Debug|Any CPU = Debug|Any CPU
		Release|Any CPU = Release|Any CPU
	EndGlobalSection
	GlobalSection(ProjectConfigurationPlatforms) = postSolution
		{8299C2D9-A6DF-46D9-AA86-BF81C0BE4FC0}.Debug|Any CPU.ActiveCfg = Debug|Any CPU
		{8299C2D9-A6DF-46D9-AA86-BF81C0BE4FC0}.Debug|Any CPU.Build.0 = Debug|Any CPU
		{8299C2D9-A6DF-46D9-AA86-BF81C0BE4FC0}.Release|Any CPU.ActiveCfg = Release|Any CPU
		{8299C2D9-A6DF-46D9-AA86-BF81C0BE4FC0}.Release|Any CPU.Build.0 = Release|Any CPU
		{3346CD69-56C2-43DB-A631-77EFDE2B1EA3}.Debug|Any CPU.ActiveCfg = Debug|Any CPU
		{3346CD69-56C2-43DB-A631-77EFDE2B1EA3}.Debug|Any CPU.Build.0 = Debug|Any CPU
		{3346CD69-56C2-43DB-A631-77EFDE2B1EA3}.Release|Any CPU.ActiveCfg = Release|Any CPU
		{3346CD69-56C2-43DB-A631-77EFDE2B1EA3}.Release|Any CPU.Build.0 = Release|Any CPU
		{2CDE1D1A-976E-4B3F-92E1-3CC166883CA3}.Debug|Any CPU.ActiveCfg = Debug|Any CPU
		{2CDE1D1A-976E-4B3F-92E1-3CC166883CA3}.Debug|Any CPU.Build.0 = Debug|Any CPU
		{2CDE1D1A-976E-4B3F-92E1-3CC166883CA3}.Release|Any CPU.ActiveCfg = Release|Any CPU
		{2CDE1D1A-976E-4B3F-92E1-3CC166883CA3}.Release|Any CPU.Build.0 = Release|Any CPU
		{E2341632-CFD6-4192-A620-C5A6023CB167}.Debug|Any CPU.ActiveCfg = Debug|Any CPU
		{E2341632-CFD6-4192-A620-C5A6023CB167}.Debug|Any CPU.Build.0 = Debug|Any CPU
		{E2341632-CFD6-4192-A620-C5A6023CB167}.Release|Any CPU.ActiveCfg = Release|Any CPU
		{E2341632-CFD6-4192-A620-C5A6023CB167}.Release|Any CPU.Build.0 = Release|Any CPU
	EndGlobalSection
	GlobalSection(SolutionProperties) = preSolution
		HideSolutionNode = FALSE
	EndGlobalSection
EndGlobal
